// !$*UTF8*$!
{
	archiveVersion = 1;
	classes = {
	};
	objectVersion = 50;
	objects = {

/* Begin PBXBuildFile section */
		8EC19792527E1C1DF8D97A3F /* Pods_DemoTest.framework in Frameworks */ = {isa = PBXBuildFile; fileRef = F13B81A9AA9633584C51F6DD /* Pods_DemoTest.framework */; };
		EE03BCE5229E2CA1006CAF01 /* AppDelegate.m in Sources */ = {isa = PBXBuildFile; fileRef = EE03BCE4229E2CA1006CAF01 /* AppDelegate.m */; };
		EE03BCE8229E2CA1006CAF01 /* ViewController.m in Sources */ = {isa = PBXBuildFile; fileRef = EE03BCE7229E2CA1006CAF01 /* ViewController.m */; };
		EE03BCEB229E2CA1006CAF01 /* Main.storyboard in Resources */ = {isa = PBXBuildFile; fileRef = EE03BCE9229E2CA1006CAF01 /* Main.storyboard */; };
		EE03BCED229E2CA4006CAF01 /* Assets.xcassets in Resources */ = {isa = PBXBuildFile; fileRef = EE03BCEC229E2CA4006CAF01 /* Assets.xcassets */; };
		EE03BCF0229E2CA4006CAF01 /* LaunchScreen.storyboard in Resources */ = {isa = PBXBuildFile; fileRef = EE03BCEE229E2CA4006CAF01 /* LaunchScreen.storyboard */; };
		EE03BCF3229E2CA4006CAF01 /* main.m in Sources */ = {isa = PBXBuildFile; fileRef = EE03BCF2229E2CA4006CAF01 /* main.m */; };
		EE03BCFD229E2CA4006CAF01 /* DemoTestTests.m in Sources */ = {isa = PBXBuildFile; fileRef = EE03BCFC229E2CA4006CAF01 /* DemoTestTests.m */; };
		EE03BD08229E2CA4006CAF01 /* DemoTestUITests.m in Sources */ = {isa = PBXBuildFile; fileRef = EE03BD07229E2CA4006CAF01 /* DemoTestUITests.m */; };
		EE03BD16229E348D006CAF01 /* CoreTelephony.framework in Frameworks */ = {isa = PBXBuildFile; fileRef = EE03BD15229E348D006CAF01 /* CoreTelephony.framework */; };
		EE03BD19229E372B006CAF01 /* ApplicationManage.m in Sources */ = {isa = PBXBuildFile; fileRef = EE03BD18229E372B006CAF01 /* ApplicationManage.m */; };
/* End PBXBuildFile section */

/* Begin PBXContainerItemProxy section */
		EE03BCF9229E2CA4006CAF01 /* PBXContainerItemProxy */ = {
			isa = PBXContainerItemProxy;
			containerPortal = EE03BCD8229E2CA1006CAF01 /* Project object */;
			proxyType = 1;
			remoteGlobalIDString = EE03BCDF229E2CA1006CAF01;
			remoteInfo = DemoTest;
		};
		EE03BD04229E2CA4006CAF01 /* PBXContainerItemProxy */ = {
			isa = PBXContainerItemProxy;
			containerPortal = EE03BCD8229E2CA1006CAF01 /* Project object */;
			proxyType = 1;
			remoteGlobalIDString = EE03BCDF229E2CA1006CAF01;
			remoteInfo = DemoTest;
		};
/* End PBXContainerItemProxy section */

/* Begin PBXFileReference section */
		358BC7E66BF1335EFAB4D394 /* Pods-DemoTest.debug.xcconfig */ = {isa = PBXFileReference; includeInIndex = 1; lastKnownFileType = text.xcconfig; name = "Pods-DemoTest.debug.xcconfig"; path = "Pods/Target Support Files/Pods-DemoTest/Pods-DemoTest.debug.xcconfig"; sourceTree = "<group>"; };
		480E3C28163FDBAE85965EF3 /* Pods-DemoTest.release.xcconfig */ = {isa = PBXFileReference; includeInIndex = 1; lastKnownFileType = text.xcconfig; name = "Pods-DemoTest.release.xcconfig"; path = "Pods/Target Support Files/Pods-DemoTest/Pods-DemoTest.release.xcconfig"; sourceTree = "<group>"; };
		EE03BCE0229E2CA1006CAF01 /* DemoTest.app */ = {isa = PBXFileReference; explicitFileType = wrapper.application; includeInIndex = 0; path = DemoTest.app; sourceTree = BUILT_PRODUCTS_DIR; };
		EE03BCE3229E2CA1006CAF01 /* AppDelegate.h */ = {isa = PBXFileReference; lastKnownFileType = sourcecode.c.h; path = AppDelegate.h; sourceTree = "<group>"; };
		EE03BCE4229E2CA1006CAF01 /* AppDelegate.m */ = {isa = PBXFileReference; lastKnownFileType = sourcecode.c.objc; path = AppDelegate.m; sourceTree = "<group>"; };
		EE03BCE6229E2CA1006CAF01 /* ViewController.h */ = {isa = PBXFileReference; lastKnownFileType = sourcecode.c.h; path = ViewController.h; sourceTree = "<group>"; };
		EE03BCE7229E2CA1006CAF01 /* ViewController.m */ = {isa = PBXFileReference; lastKnownFileType = sourcecode.c.objc; path = ViewController.m; sourceTree = "<group>"; };
		EE03BCEA229E2CA1006CAF01 /* Base */ = {isa = PBXFileReference; lastKnownFileType = file.storyboard; name = Base; path = Base.lproj/Main.storyboard; sourceTree = "<group>"; };
		EE03BCEC229E2CA4006CAF01 /* Assets.xcassets */ = {isa = PBXFileReference; lastKnownFileType = folder.assetcatalog; path = Assets.xcassets; sourceTree = "<group>"; };
		EE03BCEF229E2CA4006CAF01 /* Base */ = {isa = PBXFileReference; lastKnownFileType = file.storyboard; name = Base; path = Base.lproj/LaunchScreen.storyboard; sourceTree = "<group>"; };
		EE03BCF1229E2CA4006CAF01 /* Info.plist */ = {isa = PBXFileReference; lastKnownFileType = text.plist.xml; path = Info.plist; sourceTree = "<group>"; };
		EE03BCF2229E2CA4006CAF01 /* main.m */ = {isa = PBXFileReference; lastKnownFileType = sourcecode.c.objc; path = main.m; sourceTree = "<group>"; };
		EE03BCF8229E2CA4006CAF01 /* DemoTestTests.xctest */ = {isa = PBXFileReference; explicitFileType = wrapper.cfbundle; includeInIndex = 0; path = DemoTestTests.xctest; sourceTree = BUILT_PRODUCTS_DIR; };
		EE03BCFC229E2CA4006CAF01 /* DemoTestTests.m */ = {isa = PBXFileReference; lastKnownFileType = sourcecode.c.objc; path = DemoTestTests.m; sourceTree = "<group>"; };
		EE03BCFE229E2CA4006CAF01 /* Info.plist */ = {isa = PBXFileReference; lastKnownFileType = text.plist.xml; path = Info.plist; sourceTree = "<group>"; };
		EE03BD03229E2CA4006CAF01 /* DemoTestUITests.xctest */ = {isa = PBXFileReference; explicitFileType = wrapper.cfbundle; includeInIndex = 0; path = DemoTestUITests.xctest; sourceTree = BUILT_PRODUCTS_DIR; };
		EE03BD07229E2CA4006CAF01 /* DemoTestUITests.m */ = {isa = PBXFileReference; lastKnownFileType = sourcecode.c.objc; path = DemoTestUITests.m; sourceTree = "<group>"; };
		EE03BD09229E2CA4006CAF01 /* Info.plist */ = {isa = PBXFileReference; lastKnownFileType = text.plist.xml; path = Info.plist; sourceTree = "<group>"; };
		EE03BD15229E348D006CAF01 /* CoreTelephony.framework */ = {isa = PBXFileReference; lastKnownFileType = wrapper.framework; name = CoreTelephony.framework; path = System/Library/Frameworks/CoreTelephony.framework; sourceTree = SDKROOT; };
		EE03BD17229E372B006CAF01 /* ApplicationManage.h */ = {isa = PBXFileReference; lastKnownFileType = sourcecode.c.h; path = ApplicationManage.h; sourceTree = "<group>"; };
		EE03BD18229E372B006CAF01 /* ApplicationManage.m */ = {isa = PBXFileReference; lastKnownFileType = sourcecode.c.objc; path = ApplicationManage.m; sourceTree = "<group>"; };
		F13B81A9AA9633584C51F6DD /* Pods_DemoTest.framework */ = {isa = PBXFileReference; explicitFileType = wrapper.framework; includeInIndex = 0; path = Pods_DemoTest.framework; sourceTree = BUILT_PRODUCTS_DIR; };
/* End PBXFileReference section */

/* Begin PBXFrameworksBuildPhase section */
		EE03BCDD229E2CA1006CAF01 /* Frameworks */ = {
			isa = PBXFrameworksBuildPhase;
			buildActionMask = 2147483647;
			files = (
				EE03BD16229E348D006CAF01 /* CoreTelephony.framework in Frameworks */,
				8EC19792527E1C1DF8D97A3F /* Pods_DemoTest.framework in Frameworks */,
			);
			runOnlyForDeploymentPostprocessing = 0;
		};
		EE03BCF5229E2CA4006CAF01 /* Frameworks */ = {
			isa = PBXFrameworksBuildPhase;
			buildActionMask = 2147483647;
			files = (
			);
			runOnlyForDeploymentPostprocessing = 0;
		};
		EE03BD00229E2CA4006CAF01 /* Frameworks */ = {
			isa = PBXFrameworksBuildPhase;
			buildActionMask = 2147483647;
			files = (
			);
			runOnlyForDeploymentPostprocessing = 0;
		};
/* End PBXFrameworksBuildPhase section */

/* Begin PBXGroup section */
		897F3B5E455A064345A902FA /* Pods */ = {
			isa = PBXGroup;
			children = (
				358BC7E66BF1335EFAB4D394 /* Pods-DemoTest.debug.xcconfig */,
				480E3C28163FDBAE85965EF3 /* Pods-DemoTest.release.xcconfig */,
			);
			name = Pods;
			sourceTree = "<group>";
		};
		EE03BCD7229E2CA1006CAF01 = {
			isa = PBXGroup;
			children = (
				EE03BCE2229E2CA1006CAF01 /* DemoTest */,
				EE03BCFB229E2CA4006CAF01 /* DemoTestTests */,
				EE03BD06229E2CA4006CAF01 /* DemoTestUITests */,
				EE03BCE1229E2CA1006CAF01 /* Products */,
				897F3B5E455A064345A902FA /* Pods */,
				F60A220E1A25F4B04237A388 /* Frameworks */,
			);
			sourceTree = "<group>";
		};
		EE03BCE1229E2CA1006CAF01 /* Products */ = {
			isa = PBXGroup;
			children = (
				EE03BCE0229E2CA1006CAF01 /* DemoTest.app */,
				EE03BCF8229E2CA4006CAF01 /* DemoTestTests.xctest */,
				EE03BD03229E2CA4006CAF01 /* DemoTestUITests.xctest */,
			);
			name = Products;
			sourceTree = "<group>";
		};
		EE03BCE2229E2CA1006CAF01 /* DemoTest */ = {
			isa = PBXGroup;
			children = (
				EE03BCE3229E2CA1006CAF01 /* AppDelegate.h */,
				EE03BCE4229E2CA1006CAF01 /* AppDelegate.m */,
				EE03BCE6229E2CA1006CAF01 /* ViewController.h */,
				EE03BCE7229E2CA1006CAF01 /* ViewController.m */,
				EE03BCE9229E2CA1006CAF01 /* Main.storyboard */,
				EE03BCEC229E2CA4006CAF01 /* Assets.xcassets */,
				EE03BCEE229E2CA4006CAF01 /* LaunchScreen.storyboard */,
				EE03BCF1229E2CA4006CAF01 /* Info.plist */,
				EE03BCF2229E2CA4006CAF01 /* main.m */,
				EE03BD17229E372B006CAF01 /* ApplicationManage.h */,
				EE03BD18229E372B006CAF01 /* ApplicationManage.m */,
			);
			path = DemoTest;
			sourceTree = "<group>";
		};
		EE03BCFB229E2CA4006CAF01 /* DemoTestTests */ = {
			isa = PBXGroup;
			children = (
				EE03BCFC229E2CA4006CAF01 /* DemoTestTests.m */,
				EE03BCFE229E2CA4006CAF01 /* Info.plist */,
			);
			path = DemoTestTests;
			sourceTree = "<group>";
		};
		EE03BD06229E2CA4006CAF01 /* DemoTestUITests */ = {
			isa = PBXGroup;
			children = (
				EE03BD07229E2CA4006CAF01 /* DemoTestUITests.m */,
				EE03BD09229E2CA4006CAF01 /* Info.plist */,
			);
			path = DemoTestUITests;
			sourceTree = "<group>";
		};
		F60A220E1A25F4B04237A388 /* Frameworks */ = {
			isa = PBXGroup;
			children = (
				EE03BD15229E348D006CAF01 /* CoreTelephony.framework */,
				F13B81A9AA9633584C51F6DD /* Pods_DemoTest.framework */,
			);
			name = Frameworks;
			sourceTree = "<group>";
		};
/* End PBXGroup section */

/* Begin PBXNativeTarget section */
		EE03BCDF229E2CA1006CAF01 /* DemoTest */ = {
			isa = PBXNativeTarget;
			buildConfigurationList = EE03BD0C229E2CA4006CAF01 /* Build configuration list for PBXNativeTarget "DemoTest" */;
			buildPhases = (
				5BCA95FAD9DA989F255932AA /* [CP] Check Pods Manifest.lock */,
				EE03BCDC229E2CA1006CAF01 /* Sources */,
				EE03BCDD229E2CA1006CAF01 /* Frameworks */,
				EE03BCDE229E2CA1006CAF01 /* Resources */,
			);
			buildRules = (
			);
			dependencies = (
			);
			name = DemoTest;
			productName = DemoTest;
			productReference = EE03BCE0229E2CA1006CAF01 /* DemoTest.app */;
			productType = "com.apple.product-type.application";
		};
		EE03BCF7229E2CA4006CAF01 /* DemoTestTests */ = {
			isa = PBXNativeTarget;
			buildConfigurationList = EE03BD0F229E2CA4006CAF01 /* Build configuration list for PBXNativeTarget "DemoTestTests" */;
			buildPhases = (
				EE03BCF4229E2CA4006CAF01 /* Sources */,
				EE03BCF5229E2CA4006CAF01 /* Frameworks */,
				EE03BCF6229E2CA4006CAF01 /* Resources */,
			);
			buildRules = (
			);
			dependencies = (
				EE03BCFA229E2CA4006CAF01 /* PBXTargetDependency */,
			);
			name = DemoTestTests;
			productName = DemoTestTests;
			productReference = EE03BCF8229E2CA4006CAF01 /* DemoTestTests.xctest */;
			productType = "com.apple.product-type.bundle.unit-test";
		};
		EE03BD02229E2CA4006CAF01 /* DemoTestUITests */ = {
			isa = PBXNativeTarget;
			buildConfigurationList = EE03BD12229E2CA4006CAF01 /* Build configuration list for PBXNativeTarget "DemoTestUITests" */;
			buildPhases = (
				EE03BCFF229E2CA4006CAF01 /* Sources */,
				EE03BD00229E2CA4006CAF01 /* Frameworks */,
				EE03BD01229E2CA4006CAF01 /* Resources */,
			);
			buildRules = (
			);
			dependencies = (
				EE03BD05229E2CA4006CAF01 /* PBXTargetDependency */,
			);
			name = DemoTestUITests;
			productName = DemoTestUITests;
			productReference = EE03BD03229E2CA4006CAF01 /* DemoTestUITests.xctest */;
			productType = "com.apple.product-type.bundle.ui-testing";
		};
/* End PBXNativeTarget section */

/* Begin PBXProject section */
		EE03BCD8229E2CA1006CAF01 /* Project object */ = {
			isa = PBXProject;
			attributes = {
				LastUpgradeCheck = 1010;
				ORGANIZATIONNAME = lixutao;
				TargetAttributes = {
					EE03BCDF229E2CA1006CAF01 = {
						CreatedOnToolsVersion = 10.1;
					};
					EE03BCF7229E2CA4006CAF01 = {
						CreatedOnToolsVersion = 10.1;
						TestTargetID = EE03BCDF229E2CA1006CAF01;
					};
					EE03BD02229E2CA4006CAF01 = {
						CreatedOnToolsVersion = 10.1;
						TestTargetID = EE03BCDF229E2CA1006CAF01;
					};
				};
			};
			buildConfigurationList = EE03BCDB229E2CA1006CAF01 /* Build configuration list for PBXProject "DemoTest" */;
			compatibilityVersion = "Xcode 9.3";
			developmentRegion = en;
			hasScannedForEncodings = 0;
			knownRegions = (
				en,
				Base,
			);
			mainGroup = EE03BCD7229E2CA1006CAF01;
			productRefGroup = EE03BCE1229E2CA1006CAF01 /* Products */;
			projectDirPath = "";
			projectRoot = "";
			targets = (
				EE03BCDF229E2CA1006CAF01 /* DemoTest */,
				EE03BCF7229E2CA4006CAF01 /* DemoTestTests */,
				EE03BD02229E2CA4006CAF01 /* DemoTestUITests */,
			);
		};
/* End PBXProject section */

/* Begin PBXResourcesBuildPhase section */
		EE03BCDE229E2CA1006CAF01 /* Resources */ = {
			isa = PBXResourcesBuildPhase;
			buildActionMask = 2147483647;
			files = (
				EE03BCF0229E2CA4006CAF01 /* LaunchScreen.storyboard in Resources */,
				EE03BCED229E2CA4006CAF01 /* Assets.xcassets in Resources */,
				EE03BCEB229E2CA1006CAF01 /* Main.storyboard in Resources */,
			);
			runOnlyForDeploymentPostprocessing = 0;
		};
		EE03BCF6229E2CA4006CAF01 /* Resources */ = {
			isa = PBXResourcesBuildPhase;
			buildActionMask = 2147483647;
			files = (
			);
			runOnlyForDeploymentPostprocessing = 0;
		};
		EE03BD01229E2CA4006CAF01 /* Resources */ = {
			isa = PBXResourcesBuildPhase;
			buildActionMask = 2147483647;
			files = (
			);
			runOnlyForDeploymentPostprocessing = 0;
		};
/* End PBXResourcesBuildPhase section */

/* Begin PBXShellScriptBuildPhase section */
		5BCA95FAD9DA989F255932AA /* [CP] Check Pods Manifest.lock */ = {
			isa = PBXShellScriptBuildPhase;
			buildActionMask = 2147483647;
			files = (
			);
			inputFileListPaths = (
			);
			inputPaths = (
				"${PODS_PODFILE_DIR_PATH}/Podfile.lock",
				"${PODS_ROOT}/Manifest.lock",
			);
			name = "[CP] Check Pods Manifest.lock";
			outputFileListPaths = (
			);
			outputPaths = (
				"$(DERIVED_FILE_DIR)/Pods-DemoTest-checkManifestLockResult.txt",
			);
			runOnlyForDeploymentPostprocessing = 0;
			shellPath = /bin/sh;
			shellScript = "diff \"${PODS_PODFILE_DIR_PATH}/Podfile.lock\" \"${PODS_ROOT}/Manifest.lock\" > /dev/null\nif [ $? != 0 ] ; then\n    # print error to STDERR\n    echo \"error: The sandbox is not in sync with the Podfile.lock. Run 'pod install' or update your CocoaPods installation.\" >&2\n    exit 1\nfi\n# This output is used by Xcode 'outputs' to avoid re-running this script phase.\necho \"SUCCESS\" > \"${SCRIPT_OUTPUT_FILE_0}\"\n";
			showEnvVarsInLog = 0;
		};
/* End PBXShellScriptBuildPhase section */

/* Begin PBXSourcesBuildPhase section */
		EE03BCDC229E2CA1006CAF01 /* Sources */ = {
			isa = PBXSourcesBuildPhase;
			buildActionMask = 2147483647;
			files = (
				EE03BCE8229E2CA1006CAF01 /* ViewController.m in Sources */,
				EE03BCF3229E2CA4006CAF01 /* main.m in Sources */,
				EE03BCE5229E2CA1006CAF01 /* AppDelegate.m in Sources */,
				EE03BD19229E372B006CAF01 /* ApplicationManage.m in Sources */,
			);
			runOnlyForDeploymentPostprocessing = 0;
		};
		EE03BCF4229E2CA4006CAF01 /* Sources */ = {
			isa = PBXSourcesBuildPhase;
			buildActionMask = 2147483647;
			files = (
				EE03BCFD229E2CA4006CAF01 /* DemoTestTests.m in Sources */,
			);
			runOnlyForDeploymentPostprocessing = 0;
		};
		EE03BCFF229E2CA4006CAF01 /* Sources */ = {
			isa = PBXSourcesBuildPhase;
			buildActionMask = 2147483647;
			files = (
				EE03BD08229E2CA4006CAF01 /* DemoTestUITests.m in Sources */,
			);
			runOnlyForDeploymentPostprocessing = 0;
		};
/* End PBXSourcesBuildPhase section */

/* Begin PBXTargetDependency section */
		EE03BCFA229E2CA4006CAF01 /* PBXTargetDependency */ = {
			isa = PBXTargetDependency;
			target = EE03BCDF229E2CA1006CAF01 /* DemoTest */;
			targetProxy = EE03BCF9229E2CA4006CAF01 /* PBXContainerItemProxy */;
		};
		EE03BD05229E2CA4006CAF01 /* PBXTargetDependency */ = {
			isa = PBXTargetDependency;
			target = EE03BCDF229E2CA1006CAF01 /* DemoTest */;
			targetProxy = EE03BD04229E2CA4006CAF01 /* PBXContainerItemProxy */;
		};
/* End PBXTargetDependency section */

/* Begin PBXVariantGroup section */
		EE03BCE9229E2CA1006CAF01 /* Main.storyboard */ = {
			isa = PBXVariantGroup;
			children = (
				EE03BCEA229E2CA1006CAF01 /* Base */,
			);
			name = Main.storyboard;
			sourceTree = "<group>";
		};
		EE03BCEE229E2CA4006CAF01 /* LaunchScreen.storyboard */ = {
			isa = PBXVariantGroup;
			children = (
				EE03BCEF229E2CA4006CAF01 /* Base */,
			);
			name = LaunchScreen.storyboard;
			sourceTree = "<group>";
		};
/* End PBXVariantGroup section */

/* Begin XCBuildConfiguration section */
		EE03BD0A229E2CA4006CAF01 /* Debug */ = {
			isa = XCBuildConfiguration;
			buildSettings = {
				ALWAYS_SEARCH_USER_PATHS = NO;
				CLANG_ANALYZER_NONNULL = YES;
				CLANG_ANALYZER_NUMBER_OBJECT_CONVERSION = YES_AGGRESSIVE;
				CLANG_CXX_LANGUAGE_STANDARD = "gnu++14";
				CLANG_CXX_LIBRARY = "libc++";
				CLANG_ENABLE_MODULES = YES;
				CLANG_ENABLE_OBJC_ARC = YES;
				CLANG_ENABLE_OBJC_WEAK = YES;
				CLANG_WARN_BLOCK_CAPTURE_AUTORELEASING = YES;
				CLANG_WARN_BOOL_CONVERSION = YES;
				CLANG_WARN_COMMA = YES;
				CLANG_WARN_CONSTANT_CONVERSION = YES;
				CLANG_WARN_DEPRECATED_OBJC_IMPLEMENTATIONS = YES;
				CLANG_WARN_DIRECT_OBJC_ISA_USAGE = YES_ERROR;
				CLANG_WARN_DOCUMENTATION_COMMENTS = YES;
				CLANG_WARN_EMPTY_BODY = YES;
				CLANG_WARN_ENUM_CONVERSION = YES;
				CLANG_WARN_INFINITE_RECURSION = YES;
				CLANG_WARN_INT_CONVERSION = YES;
				CLANG_WARN_NON_LITERAL_NULL_CONVERSION = YES;
				CLANG_WARN_OBJC_IMPLICIT_RETAIN_SELF = YES;
				CLANG_WARN_OBJC_LITERAL_CONVERSION = YES;
				CLANG_WARN_OBJC_ROOT_CLASS = YES_ERROR;
				CLANG_WARN_RANGE_LOOP_ANALYSIS = YES;
				CLANG_WARN_STRICT_PROTOTYPES = YES;
				CLANG_WARN_SUSPICIOUS_MOVE = YES;
				CLANG_WARN_UNGUARDED_AVAILABILITY = YES_AGGRESSIVE;
				CLANG_WARN_UNREACHABLE_CODE = YES;
				CLANG_WARN__DUPLICATE_METHOD_MATCH = YES;
				CODE_SIGN_IDENTITY = "iPhone Developer";
				COPY_PHASE_STRIP = NO;
				DEBUG_INFORMATION_FORMAT = dwarf;
				ENABLE_STRICT_OBJC_MSGSEND = YES;
				ENABLE_TESTABILITY = YES;
				GCC_C_LANGUAGE_STANDARD = gnu11;
				GCC_DYNAMIC_NO_PIC = NO;
				GCC_NO_COMMON_BLOCKS = YES;
				GCC_OPTIMIZATION_LEVEL = 0;
				GCC_PREPROCESSOR_DEFINITIONS = (
					"DEBUG=1",
					"$(inherited)",
				);
				GCC_WARN_64_TO_32_BIT_CONVERSION = YES;
				GCC_WARN_ABOUT_RETURN_TYPE = YES_ERROR;
				GCC_WARN_UNDECLARED_SELECTOR = YES;
				GCC_WARN_UNINITIALIZED_AUTOS = YES_AGGRESSIVE;
				GCC_WARN_UNUSED_FUNCTION = YES;
				GCC_WARN_UNUSED_VARIABLE = YES;
				IPHONEOS_DEPLOYMENT_TARGET = 12.1;
				MTL_ENABLE_DEBUG_INFO = INCLUDE_SOURCE;
				MTL_FAST_MATH = YES;
				ONLY_ACTIVE_ARCH = YES;
				SDKROOT = iphoneos;
			};
			name = Debug;
		};
		EE03BD0B229E2CA4006CAF01 /* Release */ = {
			isa = XCBuildConfiguration;
			buildSettings = {
				ALWAYS_SEARCH_USER_PATHS = NO;
				CLANG_ANALYZER_NONNULL = YES;
				CLANG_ANALYZER_NUMBER_OBJECT_CONVERSION = YES_AGGRESSIVE;
				CLANG_CXX_LANGUAGE_STANDARD = "gnu++14";
				CLANG_CXX_LIBRARY = "libc++";
				CLANG_ENABLE_MODULES = YES;
				CLANG_ENABLE_OBJC_ARC = YES;
				CLANG_ENABLE_OBJC_WEAK = YES;
				CLANG_WARN_BLOCK_CAPTURE_AUTORELEASING = YES;
				CLANG_WARN_BOOL_CONVERSION = YES;
				CLANG_WARN_COMMA = YES;
				CLANG_WARN_CONSTANT_CONVERSION = YES;
				CLANG_WARN_DEPRECATED_OBJC_IMPLEMENTATIONS = YES;
				CLANG_WARN_DIRECT_OBJC_ISA_USAGE = YES_ERROR;
				CLANG_WARN_DOCUMENTATION_COMMENTS = YES;
				CLANG_WARN_EMPTY_BODY = YES;
				CLANG_WARN_ENUM_CONVERSION = YES;
				CLANG_WARN_INFINITE_RECURSION = YES;
				CLANG_WARN_INT_CONVERSION = YES;
				CLANG_WARN_NON_LITERAL_NULL_CONVERSION = YES;
				CLANG_WARN_OBJC_IMPLICIT_RETAIN_SELF = YES;
				CLANG_WARN_OBJC_LITERAL_CONVERSION = YES;
				CLANG_WARN_OBJC_ROOT_CLASS = YES_ERROR;
				CLANG_WARN_RANGE_LOOP_ANALYSIS = YES;
				CLANG_WARN_STRICT_PROTOTYPES = YES;
				CLANG_WARN_SUSPICIOUS_MOVE = YES;
				CLANG_WARN_UNGUARDED_AVAILABILITY = YES_AGGRESSIVE;
				CLANG_WARN_UNREACHABLE_CODE = YES;
				CLANG_WARN__DUPLICATE_METHOD_MATCH = YES;
				CODE_SIGN_IDENTITY = "iPhone Developer";
				COPY_PHASE_STRIP = NO;
				DEBUG_INFORMATION_FORMAT = "dwarf-with-dsym";
				ENABLE_NS_ASSERTIONS = NO;
				ENABLE_STRICT_OBJC_MSGSEND = YES;
				GCC_C_LANGUAGE_STANDARD = gnu11;
				GCC_NO_COMMON_BLOCKS = YES;
				GCC_WARN_64_TO_32_BIT_CONVERSION = YES;
				GCC_WARN_ABOUT_RETURN_TYPE = YES_ERROR;
				GCC_WARN_UNDECLARED_SELECTOR = YES;
				GCC_WARN_UNINITIALIZED_AUTOS = YES_AGGRESSIVE;
				GCC_WARN_UNUSED_FUNCTION = YES;
				GCC_WARN_UNUSED_VARIABLE = YES;
				IPHONEOS_DEPLOYMENT_TARGET = 12.1;
				MTL_ENABLE_DEBUG_INFO = NO;
				MTL_FAST_MATH = YES;
				SDKROOT = iphoneos;
				VALIDATE_PRODUCT = YES;
			};
			name = Release;
		};
		EE03BD0D229E2CA4006CAF01 /* Debug */ = {
			isa = XCBuildConfiguration;
			baseConfigurationReference = 358BC7E66BF1335EFAB4D394 /* Pods-DemoTest.debug.xcconfig */;
			buildSettings = {
				ASSETCATALOG_COMPILER_APPICON_NAME = AppIcon;
				CODE_SIGN_STYLE = Automatic;
				DEVELOPMENT_TEAM = NLGH8L8MN5;
				INFOPLIST_FILE = DemoTest/Info.plist;
				IPHONEOS_DEPLOYMENT_TARGET = 8.0;
				LD_RUNPATH_SEARCH_PATHS = (
					"$(inherited)",
					"@executable_path/Frameworks",
				);
				ONLY_ACTIVE_ARCH = YES;
				OTHER_LDFLAGS = (
					"$(inherited)",
					"-ObjC",
					"-l\"z\"",
					"-framework",
					"\"AVFoundation\"",
					"-framework",
					"\"AdSupport\"",
					"-framework",
					"\"AudioToolbox\"",
					"-framework",
					"\"CFNetwork\"",
					"-framework",
					"\"CoreGraphics\"",
					"-framework",
					"\"CoreMedia\"",
					"-framework",
					"\"MediaPlayer\"",
					"-framework",
					"\"QuartzCore\"",
					"-framework",
					"\"StoreKit\"",
					"-framework",
					"\"SystemConfiguration\"",
					"-framework",
					"\"VungleSDK\"",
					"-weak_framework",
					"\"Foundation\"",
					"-weak_framework",
					"\"UIKit\"",
					"-weak_framework",
					"\"WebKit\"",
				);
				PRODUCT_BUNDLE_IDENTIFIER = com.vungletest.com.DemoTest;
				PRODUCT_NAME = "$(TARGET_NAME)";
				TARGETED_DEVICE_FAMILY = "1,2";
			};
			name = Debug;
		};
		EE03BD0E229E2CA4006CAF01 /* Release */ = {
			isa = XCBuildConfiguration;
			baseConfigurationReference = 480E3C28163FDBAE85965EF3 /* Pods-DemoTest.release.xcconfig */;
			buildSettings = {
				ASSETCATALOG_COMPILER_APPICON_NAME = AppIcon;
				CODE_SIGN_STYLE = Automatic;
				DEVELOPMENT_TEAM = NLGH8L8MN5;
				INFOPLIST_FILE = DemoTest/Info.plist;
				IPHONEOS_DEPLOYMENT_TARGET = 8.0;
				LD_RUNPATH_SEARCH_PATHS = (
					"$(inherited)",
					"@executable_path/Frameworks",
				);
				ONLY_ACTIVE_ARCH = NO;
				OTHER_LDFLAGS = (
					"$(inherited)",
					"-ObjC",
					"-l\"z\"",
					"-framework",
					"\"AVFoundation\"",
					"-framework",
					"\"AdSupport\"",
					"-framework",
					"\"AudioToolbox\"",
					"-framework",
					"\"CFNetwork\"",
					"-framework",
					"\"CoreGraphics\"",
					"-framework",
					"\"CoreMedia\"",
					"-framework",
					"\"MediaPlayer\"",
					"-framework",
					"\"QuartzCore\"",
					"-framework",
					"\"StoreKit\"",
					"-framework",
					"\"SystemConfiguration\"",
					"-framework",
					"\"VungleSDK\"",
					"-weak_framework",
					"\"Foundation\"",
					"-weak_framework",
					"\"UIKit\"",
					"-weak_framework",
					"\"WebKit\"",
				);
				PRODUCT_BUNDLE_IDENTIFIER = com.vungletest.com.DemoTest;
				PRODUCT_NAME = "$(TARGET_NAME)";
				TARGETED_DEVICE_FAMILY = "1,2";
			};
			name = Release;
		};
		EE03BD10229E2CA4006CAF01 /* Debug */ = {
			isa = XCBuildConfiguration;
			buildSettings = {
				BUNDLE_LOADER = "$(TEST_HOST)";
				CODE_SIGN_STYLE = Automatic;
				DEVELOPMENT_TEAM = NLGH8L8MN5;
				INFOPLIST_FILE = DemoTestTests/Info.plist;
				LD_RUNPATH_SEARCH_PATHS = (
					"$(inherited)",
					"@executable_path/Frameworks",
					"@loader_path/Frameworks",
				);
				PRODUCT_BUNDLE_IDENTIFIER = com.vungletest.com.DemoTestTests;
				PRODUCT_NAME = "$(TARGET_NAME)";
				TARGETED_DEVICE_FAMILY = "1,2";
				TEST_HOST = "$(BUILT_PRODUCTS_DIR)/DemoTest.app/DemoTest";
			};
			name = Debug;
		};
		EE03BD11229E2CA4006CAF01 /* Release */ = {
			isa = XCBuildConfiguration;
			buildSettings = {
				BUNDLE_LOADER = "$(TEST_HOST)";
				CODE_SIGN_STYLE = Automatic;
				DEVELOPMENT_TEAM = NLGH8L8MN5;
				INFOPLIST_FILE = DemoTestTests/Info.plist;
				LD_RUNPATH_SEARCH_PATHS = (
					"$(inherited)",
					"@executable_path/Frameworks",
					"@loader_path/Frameworks",
				);
				PRODUCT_BUNDLE_IDENTIFIER = com.vungletest.com.DemoTestTests;
				PRODUCT_NAME = "$(TARGET_NAME)";
				TARGETED_DEVICE_FAMILY = "1,2";
				TEST_HOST = "$(BUILT_PRODUCTS_DIR)/DemoTest.app/DemoTest";
			};
			name = Release;
		};
		EE03BD13229E2CA4006CAF01 /* Debug */ = {
			isa = XCBuildConfiguration;
			buildSettings = {
				CODE_SIGN_STYLE = Automatic;
				DEVELOPMENT_TEAM = NLGH8L8MN5;
				INFOPLIST_FILE = DemoTestUITests/Info.plist;
				LD_RUNPATH_SEARCH_PATHS = (
					"$(inherited)",
					"@executable_path/Frameworks",
					"@loader_path/Frameworks",
				);
				PRODUCT_BUNDLE_IDENTIFIER = com.vungletest.com.DemoTestUITests;
				PRODUCT_NAME = "$(TARGET_NAME)";
				TARGETED_DEVICE_FAMILY = "1,2";
				TEST_TARGET_NAME = DemoTest;
			};
			name = Debug;
		};
		EE03BD14229E2CA4006CAF01 /* Release */ = {
			isa = XCBuildConfiguration;
			buildSettings = {
				CODE_SIGN_STYLE = Automatic;
				DEVELOPMENT_TEAM = NLGH8L8MN5;
				INFOPLIST_FILE = DemoTestUITests/Info.plist;
				LD_RUNPATH_SEARCH_PATHS = (
					"$(inherited)",
					"@executable_path/Frameworks",
					"@loader_path/Frameworks",
				);
				PRODUCT_BUNDLE_IDENTIFIER = com.vungletest.com.DemoTestUITests;
				PRODUCT_NAME = "$(TARGET_NAME)";
				TARGETED_DEVICE_FAMILY = "1,2";
				TEST_TARGET_NAME = DemoTest;
			};
			name = Release;
		};
/* End XCBuildConfiguration section */

/* Begin XCConfigurationList section */
		EE03BCDB229E2CA1006CAF01 /* Build configuration list for PBXProject "DemoTest" */ = {
			isa = XCConfigurationList;
			buildConfigurations = (
				EE03BD0A229E2CA4006CAF01 /* Debug */,
				EE03BD0B229E2CA4006CAF01 /* Release */,
			);
			defaultConfigurationIsVisible = 0;
			defaultConfigurationName = Release;
		};
		EE03BD0C229E2CA4006CAF01 /* Build configuration list for PBXNativeTarget "DemoTest" */ = {
			isa = XCConfigurationList;
			buildConfigurations = (
				EE03BD0D229E2CA4006CAF01 /* Debug */,
				EE03BD0E229E2CA4006CAF01 /* Release */,
			);
			defaultConfigurationIsVisible = 0;
			defaultConfigurationName = Release;
		};
		EE03BD0F229E2CA4006CAF01 /* Build configuration list for PBXNativeTarget "DemoTestTests" */ = {
			isa = XCConfigurationList;
			buildConfigurations = (
				EE03BD10229E2CA4006CAF01 /* Debug */,
				EE03BD11229E2CA4006CAF01 /* Release */,
			);
			defaultConfigurationIsVisible = 0;
			defaultConfigurationName = Release;
		};
		EE03BD12229E2CA4006CAF01 /* Build configuration list for PBXNativeTarget "DemoTestUITests" */ = {
			isa = XCConfigurationList;
			buildConfigurations = (
				EE03BD13229E2CA4006CAF01 /* Debug */,
				EE03BD14229E2CA4006CAF01 /* Release */,
			);
			defaultConfigurationIsVisible = 0;
			defaultConfigurationName = Release;
		};
/* End XCConfigurationList section */
	};
	rootObject = EE03BCD8229E2CA1006CAF01 /* Project object */;
}
